
Microsoft Visual Studio Solution File, Format Version 12.00
# Visual Studio Version 16
VisualStudioVersion = 16.0.28803.352
MinimumVisualStudioVersion = 10.0.40219.1
Project("{FAE04EC0-301F-11D3-BF4B-00C04F79EFBC}") = "ApexNewUpdated", "ApexNewUpdated\ApexNewUpdated.csproj", "{563EF772-1A62-41D1-8E05-EAF160F238F9}"
EndProject
Global
	GlobalSection(SolutionConfigurationPlatforms) = preSolution
		Debug|Any CPU = Debug|Any CPU
		Release|Any CPU = Release|Any CPU
	EndGlobalSection
	GlobalSection(ProjectConfigurationPlatforms) = postSolution
		{563EF772-1A62-41D1-8E05-EAF160F238F9}.Debug|Any CPU.ActiveCfg = Debug|Any CPU
		{563EF772-1A62-41D1-8E05-EAF160F238F9}.Debug|Any CPU.Build.0 = Debug|Any CPU
		{563EF772-1A62-41D1-8E05-EAF160F238F9}.Release|Any CPU.ActiveCfg = Release|Any CPU
		{563EF772-1A62-41D1-8E05-EAF160F238F9}.Release|Any CPU.Build.0 = Release|Any CPU
	EndGlobalSection
	GlobalSection(SolutionProperties) = preSolution
		HideSolutionNode = FALSE
	EndGlobalSection
	GlobalSection(ExtensibilityGlobals) = postSolution
		SolutionGuid = {11A35ED1-58D2-4AB6-A9A1-D9839DD36E7A}
	EndGlobalSection
EndGlobal
